
Microsoft Visual Studio Solution File, Format Version 12.00
# Visual Studio Version 17
VisualStudioVersion = 17.10.35027.167
MinimumVisualStudioVersion = 10.0.40219.1
Project("{9A19103F-16F7-4668-BE54-9A1E7A4F7556}") = "WebApi", "WebApi\WebApi.csproj", "{A3A937CC-EDFA-4229-B17A-452888E00996}"
EndProject
Project("{9A19103F-16F7-4668-BE54-9A1E7A4F7556}") = "GestaoEscolar.AppHost", "GestaoEscolar.AppHost\GestaoEscolar.AppHost.csproj", "{9BB4A5A5-8DA2-40AA-A3C5-3B85E238A177}"
EndProject
Project("{9A19103F-16F7-4668-BE54-9A1E7A4F7556}") = "GestaoEscolar.ServiceDefaults", "GestaoEscolar.ServiceDefaults\GestaoEscolar.ServiceDefaults.csproj", "{27C0B6E6-CA7E-4FAC-AEEC-B521BA890DBD}"
EndProject
Project("{FAE04EC0-301F-11D3-BF4B-00C04F79EFBC}") = "Core", "Core\Core.csproj", "{4D40BC4E-C709-4279-8B52-A5204B067701}"
EndProject
Project("{FAE04EC0-301F-11D3-BF4B-00C04F79EFBC}") = "Services", "Services\Services.csproj", "{921368EE-1921-4C5F-B2A0-FB7D1FDD3A86}"
EndProject
Project("{FAE04EC0-301F-11D3-BF4B-00C04F79EFBC}") = "InfraEstrutura", "InfraEstrutura\InfraEstrutura.csproj", "{D4941922-5EFF-45FC-9E95-37257F4C73C9}"
EndProject
Global
	GlobalSection(SolutionConfigurationPlatforms) = preSolution
		Debug|Any CPU = Debug|Any CPU
		Release|Any CPU = Release|Any CPU
	EndGlobalSection
	GlobalSection(ProjectConfigurationPlatforms) = postSolution
		{A3A937CC-EDFA-4229-B17A-452888E00996}.Debug|Any CPU.ActiveCfg = Debug|Any CPU
		{A3A937CC-EDFA-4229-B17A-452888E00996}.Debug|Any CPU.Build.0 = Debug|Any CPU
		{A3A937CC-EDFA-4229-B17A-452888E00996}.Release|Any CPU.ActiveCfg = Release|Any CPU
		{A3A937CC-EDFA-4229-B17A-452888E00996}.Release|Any CPU.Build.0 = Release|Any CPU
		{9BB4A5A5-8DA2-40AA-A3C5-3B85E238A177}.Debug|Any CPU.ActiveCfg = Debug|Any CPU
		{9BB4A5A5-8DA2-40AA-A3C5-3B85E238A177}.Debug|Any CPU.Build.0 = Debug|Any CPU
		{9BB4A5A5-8DA2-40AA-A3C5-3B85E238A177}.Release|Any CPU.ActiveCfg = Release|Any CPU
		{9BB4A5A5-8DA2-40AA-A3C5-3B85E238A177}.Release|Any CPU.Build.0 = Release|Any CPU
		{27C0B6E6-CA7E-4FAC-AEEC-B521BA890DBD}.Debug|Any CPU.ActiveCfg = Debug|Any CPU
		{27C0B6E6-CA7E-4FAC-AEEC-B521BA890DBD}.Debug|Any CPU.Build.0 = Debug|Any CPU
		{27C0B6E6-CA7E-4FAC-AEEC-B521BA890DBD}.Release|Any CPU.ActiveCfg = Release|Any CPU
		{27C0B6E6-CA7E-4FAC-AEEC-B521BA890DBD}.Release|Any CPU.Build.0 = Release|Any CPU
		{4D40BC4E-C709-4279-8B52-A5204B067701}.Debug|Any CPU.ActiveCfg = Debug|Any CPU
		{4D40BC4E-C709-4279-8B52-A5204B067701}.Debug|Any CPU.Build.0 = Debug|Any CPU
		{4D40BC4E-C709-4279-8B52-A5204B067701}.Release|Any CPU.ActiveCfg = Release|Any CPU
		{4D40BC4E-C709-4279-8B52-A5204B067701}.Release|Any CPU.Build.0 = Release|Any CPU
		{921368EE-1921-4C5F-B2A0-FB7D1FDD3A86}.Debug|Any CPU.ActiveCfg = Debug|Any CPU
		{921368EE-1921-4C5F-B2A0-FB7D1FDD3A86}.Debug|Any CPU.Build.0 = Debug|Any CPU
		{921368EE-1921-4C5F-B2A0-FB7D1FDD3A86}.Release|Any CPU.ActiveCfg = Release|Any CPU
		{921368EE-1921-4C5F-B2A0-FB7D1FDD3A86}.Release|Any CPU.Build.0 = Release|Any CPU
		{D4941922-5EFF-45FC-9E95-37257F4C73C9}.Debug|Any CPU.ActiveCfg = Debug|Any CPU
		{D4941922-5EFF-45FC-9E95-37257F4C73C9}.Debug|Any CPU.Build.0 = Debug|Any CPU
		{D4941922-5EFF-45FC-9E95-37257F4C73C9}.Release|Any CPU.ActiveCfg = Release|Any CPU
		{D4941922-5EFF-45FC-9E95-37257F4C73C9}.Release|Any CPU.Build.0 = Release|Any CPU
	EndGlobalSection
	GlobalSection(SolutionProperties) = preSolution
		HideSolutionNode = FALSE
	EndGlobalSection
	GlobalSection(ExtensibilityGlobals) = postSolution
		SolutionGuid = {915AB0E7-9ABE-470C-8A81-F767C7B502BF}
	EndGlobalSection
EndGlobal
